# Generated by pub
# See https://dart.dev/tools/pub/glossary#lockfile
packages:
  collection:
    dependency: transitive
    description:
      name: collection
      url: "https://pub.dartlang.org"
    source: hosted
    version: "1.14.12"
  meta:
    dependency: transitive
    description:
      name: meta
      url: "https://pub.dartlang.org"
    source: hosted
    version: "1.1.8"
  notus:
    dependency: "direct main"
    description:
      name: notus
      url: "https://pub.dartlang.org"
    source: hosted
    version: "0.1.5"
  quill_delta:
    dependency: transitive
    description:
      name: quill_delta
      url: "https://pub.dartlang.org"
    source: hosted
    version: "1.0.2"
  quiver_hashcode:
    dependency: transitive
    description:
      name: quiver_hashcode
      url: "https://pub.dartlang.org"
    source: hosted
    version: "2.0.0"
sdks:
  dart: ">=2.7.0 <3.0.0"
